
Microsoft Visual Studio Solution File, Format Version 12.00
# Visual Studio 15
VisualStudioVersion = 15.0.28307.539
MinimumVisualStudioVersion = 10.0.40219.1
Project("{FAE04EC0-301F-11D3-BF4B-00C04F79EFBC}") = "ElevensNote.MVC", "ElevensNote.MVC\ElevensNote.MVC.csproj", "{C850AD5F-6925-4FCF-9B63-07C9341D1736}"
EndProject
Global
	GlobalSection(SolutionConfigurationPlatforms) = preSolution
		Debug|Any CPU = Debug|Any CPU
		Release|Any CPU = Release|Any CPU
	EndGlobalSection
	GlobalSection(ProjectConfigurationPlatforms) = postSolution
		{C850AD5F-6925-4FCF-9B63-07C9341D1736}.Debug|Any CPU.ActiveCfg = Debug|Any CPU
		{C850AD5F-6925-4FCF-9B63-07C9341D1736}.Debug|Any CPU.Build.0 = Debug|Any CPU
		{C850AD5F-6925-4FCF-9B63-07C9341D1736}.Release|Any CPU.ActiveCfg = Release|Any CPU
		{C850AD5F-6925-4FCF-9B63-07C9341D1736}.Release|Any CPU.Build.0 = Release|Any CPU
	EndGlobalSection
	GlobalSection(SolutionProperties) = preSolution
		HideSolutionNode = FALSE
	EndGlobalSection
	GlobalSection(ExtensibilityGlobals) = postSolution
		SolutionGuid = {89657380-F4F4-4059-BEB0-FC7597DF96AA}
	EndGlobalSection
EndGlobal
